// !$*UTF8*$!
{
	archiveVersion = 1;
	classes = {
	};
	objectVersion = 56;
	objects = {

/* Begin PBXBuildFile section */
		EF9AD5F029CBD26900FAE964 /* AppDelegate.swift in Sources */ = {isa = PBXBuildFile; fileRef = EF9AD5EF29CBD26900FAE964 /* AppDelegate.swift */; };
		EF9AD5F229CBD26900FAE964 /* SceneDelegate.swift in Sources */ = {isa = PBXBuildFile; fileRef = EF9AD5F129CBD26900FAE964 /* SceneDelegate.swift */; };
		EF9AD5F429CBD26900FAE964 /* ViewController.swift in Sources */ = {isa = PBXBuildFile; fileRef = EF9AD5F329CBD26900FAE964 /* ViewController.swift */; };
		EF9AD5F729CBD26900FAE964 /* Main.storyboard in Resources */ = {isa = PBXBuildFile; fileRef = EF9AD5F529CBD26900FAE964 /* Main.storyboard */; };
		EF9AD5F929CBD26B00FAE964 /* Assets.xcassets in Resources */ = {isa = PBXBuildFile; fileRef = EF9AD5F829CBD26B00FAE964 /* Assets.xcassets */; };
		EF9AD5FC29CBD26B00FAE964 /* LaunchScreen.storyboard in Resources */ = {isa = PBXBuildFile; fileRef = EF9AD5FA29CBD26B00FAE964 /* LaunchScreen.storyboard */; };
		EF9AD60729CBD26C00FAE964 /* TikTakRushTests.swift in Sources */ = {isa = PBXBuildFile; fileRef = EF9AD60629CBD26C00FAE964 /* TikTakRushTests.swift */; };
		EF9AD61129CBD26C00FAE964 /* TikTakRushUITests.swift in Sources */ = {isa = PBXBuildFile; fileRef = EF9AD61029CBD26C00FAE964 /* TikTakRushUITests.swift */; };
		EF9AD61329CBD26C00FAE964 /* TikTakRushUITestsLaunchTests.swift in Sources */ = {isa = PBXBuildFile; fileRef = EF9AD61229CBD26C00FAE964 /* TikTakRushUITestsLaunchTests.swift */; };
		EF9AD62329CBD55900FAE964 /* VideoViewController.swift in Sources */ = {isa = PBXBuildFile; fileRef = EF9AD62229CBD55900FAE964 /* VideoViewController.swift */; };
		EF9AD62629CBD5EA00FAE964 /* BaseViewController.swift in Sources */ = {isa = PBXBuildFile; fileRef = EF9AD62529CBD5EA00FAE964 /* BaseViewController.swift */; };
		EF9AD62829CBD69400FAE964 /* BaseView.swift in Sources */ = {isa = PBXBuildFile; fileRef = EF9AD62729CBD69400FAE964 /* BaseView.swift */; };
		EF9AD62A29CBD79800FAE964 /* VideoView.swift in Sources */ = {isa = PBXBuildFile; fileRef = EF9AD62929CBD79700FAE964 /* VideoView.swift */; };
		EF9AD62D29CBD9CA00FAE964 /* UserDisplay.swift in Sources */ = {isa = PBXBuildFile; fileRef = EF9AD62C29CBD9CA00FAE964 /* UserDisplay.swift */; };
		EF9AD63029CBDBB300FAE964 /* UIView+Extension.swift in Sources */ = {isa = PBXBuildFile; fileRef = EF9AD62F29CBDBB300FAE964 /* UIView+Extension.swift */; };
		EF9AD63229CBDDD300FAE964 /* UIStackView+Extension.swift in Sources */ = {isa = PBXBuildFile; fileRef = EF9AD63129CBDDD300FAE964 /* UIStackView+Extension.swift */; };
		EF9AD63629CBE29100FAE964 /* Nunito-Light.ttf in Resources */ = {isa = PBXBuildFile; fileRef = EF9AD63329CBE29100FAE964 /* Nunito-Light.ttf */; };
		EF9AD63729CBE29100FAE964 /* Nunito-SemiBold.ttf in Resources */ = {isa = PBXBuildFile; fileRef = EF9AD63429CBE29100FAE964 /* Nunito-SemiBold.ttf */; };
		EF9AD63829CBE29100FAE964 /* Nunito-Black.ttf in Resources */ = {isa = PBXBuildFile; fileRef = EF9AD63529CBE29100FAE964 /* Nunito-Black.ttf */; };
		EF9AD63B29CBE41D00FAE964 /* TopInfo.swift in Sources */ = {isa = PBXBuildFile; fileRef = EF9AD63A29CBE41D00FAE964 /* TopInfo.swift */; };
		EF9AD63F29CBF23C00FAE964 /* CounterButton.swift in Sources */ = {isa = PBXBuildFile; fileRef = EF9AD63E29CBF23C00FAE964 /* CounterButton.swift */; };
		EF9AD64329CBFC6D00FAE964 /* MockData.json in Resources */ = {isa = PBXBuildFile; fileRef = EF9AD64229CBFC6D00FAE964 /* MockData.json */; };
		EF9AD64529CBFD1600FAE964 /* VideoViewModel.swift in Sources */ = {isa = PBXBuildFile; fileRef = EF9AD64429CBFD1600FAE964 /* VideoViewModel.swift */; };
		EF9AD64729CBFD3200FAE964 /* VideoModel.swift in Sources */ = {isa = PBXBuildFile; fileRef = EF9AD64629CBFD3200FAE964 /* VideoModel.swift */; };
		EF9AD64929CBFDAD00FAE964 /* Service.swift in Sources */ = {isa = PBXBuildFile; fileRef = EF9AD64829CBFDAD00FAE964 /* Service.swift */; };
		EF9AD64B29CC00C000FAE964 /* LooksModel.swift in Sources */ = {isa = PBXBuildFile; fileRef = EF9AD64A29CC00C000FAE964 /* LooksModel.swift */; };
		EF9AD64D29CC062700FAE964 /* Response.swift in Sources */ = {isa = PBXBuildFile; fileRef = EF9AD64C29CC062700FAE964 /* Response.swift */; };
		EF9AD64F29CC064E00FAE964 /* ServerError.swift in Sources */ = {isa = PBXBuildFile; fileRef = EF9AD64E29CC064E00FAE964 /* ServerError.swift */; };
		EF9AD65329CC103400FAE964 /* MediaCache.swift in Sources */ = {isa = PBXBuildFile; fileRef = EF9AD65229CC103400FAE964 /* MediaCache.swift */; };
		EF9AD65629CC147B00FAE964 /* VideoCollectionViewCell.swift in Sources */ = {isa = PBXBuildFile; fileRef = EF9AD65529CC147B00FAE964 /* VideoCollectionViewCell.swift */; };
		EFF784E429CC8F2000AC8004 /* UIImage+Extension.swift in Sources */ = {isa = PBXBuildFile; fileRef = EFF784E329CC8F2000AC8004 /* UIImage+Extension.swift */; };
		EFF784E629CC953500AC8004 /* PlayerView.swift in Sources */ = {isa = PBXBuildFile; fileRef = EFF784E529CC953500AC8004 /* PlayerView.swift */; };
/* End PBXBuildFile section */

/* Begin PBXContainerItemProxy section */
		EF9AD60329CBD26C00FAE964 /* PBXContainerItemProxy */ = {
			isa = PBXContainerItemProxy;
			containerPortal = EF9AD5E429CBD26900FAE964 /* Project object */;
			proxyType = 1;
			remoteGlobalIDString = EF9AD5EB29CBD26900FAE964;
			remoteInfo = TikTakRush;
		};
		EF9AD60D29CBD26C00FAE964 /* PBXContainerItemProxy */ = {
			isa = PBXContainerItemProxy;
			containerPortal = EF9AD5E429CBD26900FAE964 /* Project object */;
			proxyType = 1;
			remoteGlobalIDString = EF9AD5EB29CBD26900FAE964;
			remoteInfo = TikTakRush;
		};
/* End PBXContainerItemProxy section */

/* Begin PBXFileReference section */
		EF9AD5EC29CBD26900FAE964 /* TikTakRush.app */ = {isa = PBXFileReference; explicitFileType = wrapper.application; includeInIndex = 0; path = TikTakRush.app; sourceTree = BUILT_PRODUCTS_DIR; };
		EF9AD5EF29CBD26900FAE964 /* AppDelegate.swift */ = {isa = PBXFileReference; lastKnownFileType = sourcecode.swift; path = AppDelegate.swift; sourceTree = "<group>"; };
		EF9AD5F129CBD26900FAE964 /* SceneDelegate.swift */ = {isa = PBXFileReference; lastKnownFileType = sourcecode.swift; path = SceneDelegate.swift; sourceTree = "<group>"; };
		EF9AD5F329CBD26900FAE964 /* ViewController.swift */ = {isa = PBXFileReference; lastKnownFileType = sourcecode.swift; path = ViewController.swift; sourceTree = "<group>"; };
		EF9AD5F629CBD26900FAE964 /* Base */ = {isa = PBXFileReference; lastKnownFileType = file.storyboard; name = Base; path = Base.lproj/Main.storyboard; sourceTree = "<group>"; };
		EF9AD5F829CBD26B00FAE964 /* Assets.xcassets */ = {isa = PBXFileReference; lastKnownFileType = folder.assetcatalog; path = Assets.xcassets; sourceTree = "<group>"; };
		EF9AD5FB29CBD26B00FAE964 /* Base */ = {isa = PBXFileReference; lastKnownFileType = file.storyboard; name = Base; path = Base.lproj/LaunchScreen.storyboard; sourceTree = "<group>"; };
		EF9AD5FD29CBD26B00FAE964 /* Info.plist */ = {isa = PBXFileReference; lastKnownFileType = text.plist.xml; path = Info.plist; sourceTree = "<group>"; };
		EF9AD60229CBD26C00FAE964 /* TikTakRushTests.xctest */ = {isa = PBXFileReference; explicitFileType = wrapper.cfbundle; includeInIndex = 0; path = TikTakRushTests.xctest; sourceTree = BUILT_PRODUCTS_DIR; };
		EF9AD60629CBD26C00FAE964 /* TikTakRushTests.swift */ = {isa = PBXFileReference; lastKnownFileType = sourcecode.swift; path = TikTakRushTests.swift; sourceTree = "<group>"; };
		EF9AD60C29CBD26C00FAE964 /* TikTakRushUITests.xctest */ = {isa = PBXFileReference; explicitFileType = wrapper.cfbundle; includeInIndex = 0; path = TikTakRushUITests.xctest; sourceTree = BUILT_PRODUCTS_DIR; };
		EF9AD61029CBD26C00FAE964 /* TikTakRushUITests.swift */ = {isa = PBXFileReference; lastKnownFileType = sourcecode.swift; path = TikTakRushUITests.swift; sourceTree = "<group>"; };
		EF9AD61229CBD26C00FAE964 /* TikTakRushUITestsLaunchTests.swift */ = {isa = PBXFileReference; lastKnownFileType = sourcecode.swift; path = TikTakRushUITestsLaunchTests.swift; sourceTree = "<group>"; };
		EF9AD62229CBD55900FAE964 /* VideoViewController.swift */ = {isa = PBXFileReference; lastKnownFileType = sourcecode.swift; path = VideoViewController.swift; sourceTree = "<group>"; };
		EF9AD62529CBD5EA00FAE964 /* BaseViewController.swift */ = {isa = PBXFileReference; lastKnownFileType = sourcecode.swift; path = BaseViewController.swift; sourceTree = "<group>"; };
		EF9AD62729CBD69400FAE964 /* BaseView.swift */ = {isa = PBXFileReference; lastKnownFileType = sourcecode.swift; path = BaseView.swift; sourceTree = "<group>"; };
		EF9AD62929CBD79700FAE964 /* VideoView.swift */ = {isa = PBXFileReference; lastKnownFileType = sourcecode.swift; path = VideoView.swift; sourceTree = "<group>"; };
		EF9AD62C29CBD9CA00FAE964 /* UserDisplay.swift */ = {isa = PBXFileReference; lastKnownFileType = sourcecode.swift; path = UserDisplay.swift; sourceTree = "<group>"; };
		EF9AD62F29CBDBB300FAE964 /* UIView+Extension.swift */ = {isa = PBXFileReference; lastKnownFileType = sourcecode.swift; path = "UIView+Extension.swift"; sourceTree = "<group>"; };
		EF9AD63129CBDDD300FAE964 /* UIStackView+Extension.swift */ = {isa = PBXFileReference; lastKnownFileType = sourcecode.swift; path = "UIStackView+Extension.swift"; sourceTree = "<group>"; };
		EF9AD63329CBE29100FAE964 /* Nunito-Light.ttf */ = {isa = PBXFileReference; lastKnownFileType = file; path = "Nunito-Light.ttf"; sourceTree = "<group>"; };
		EF9AD63429CBE29100FAE964 /* Nunito-SemiBold.ttf */ = {isa = PBXFileReference; lastKnownFileType = file; path = "Nunito-SemiBold.ttf"; sourceTree = "<group>"; };
		EF9AD63529CBE29100FAE964 /* Nunito-Black.ttf */ = {isa = PBXFileReference; lastKnownFileType = file; path = "Nunito-Black.ttf"; sourceTree = "<group>"; };
		EF9AD63A29CBE41D00FAE964 /* TopInfo.swift */ = {isa = PBXFileReference; lastKnownFileType = sourcecode.swift; path = TopInfo.swift; sourceTree = "<group>"; };
		EF9AD63E29CBF23C00FAE964 /* CounterButton.swift */ = {isa = PBXFileReference; lastKnownFileType = sourcecode.swift; path = CounterButton.swift; sourceTree = "<group>"; };
		EF9AD64229CBFC6D00FAE964 /* MockData.json */ = {isa = PBXFileReference; fileEncoding = 4; lastKnownFileType = text.json; path = MockData.json; sourceTree = "<group>"; };
		EF9AD64429CBFD1600FAE964 /* VideoViewModel.swift */ = {isa = PBXFileReference; lastKnownFileType = sourcecode.swift; path = VideoViewModel.swift; sourceTree = "<group>"; };
		EF9AD64629CBFD3200FAE964 /* VideoModel.swift */ = {isa = PBXFileReference; lastKnownFileType = sourcecode.swift; path = VideoModel.swift; sourceTree = "<group>"; };
		EF9AD64829CBFDAD00FAE964 /* Service.swift */ = {isa = PBXFileReference; lastKnownFileType = sourcecode.swift; path = Service.swift; sourceTree = "<group>"; };
		EF9AD64A29CC00C000FAE964 /* LooksModel.swift */ = {isa = PBXFileReference; lastKnownFileType = sourcecode.swift; path = LooksModel.swift; sourceTree = "<group>"; };
		EF9AD64C29CC062700FAE964 /* Response.swift */ = {isa = PBXFileReference; lastKnownFileType = sourcecode.swift; path = Response.swift; sourceTree = "<group>"; };
		EF9AD64E29CC064E00FAE964 /* ServerError.swift */ = {isa = PBXFileReference; lastKnownFileType = sourcecode.swift; path = ServerError.swift; sourceTree = "<group>"; };
		EF9AD65229CC103400FAE964 /* MediaCache.swift */ = {isa = PBXFileReference; lastKnownFileType = sourcecode.swift; path = MediaCache.swift; sourceTree = "<group>"; };
		EF9AD65529CC147B00FAE964 /* VideoCollectionViewCell.swift */ = {isa = PBXFileReference; lastKnownFileType = sourcecode.swift; path = VideoCollectionViewCell.swift; sourceTree = "<group>"; };
		EFF784E329CC8F2000AC8004 /* UIImage+Extension.swift */ = {isa = PBXFileReference; lastKnownFileType = sourcecode.swift; path = "UIImage+Extension.swift"; sourceTree = "<group>"; };
		EFF784E529CC953500AC8004 /* PlayerView.swift */ = {isa = PBXFileReference; lastKnownFileType = sourcecode.swift; path = PlayerView.swift; sourceTree = "<group>"; };
/* End PBXFileReference section */

/* Begin PBXFrameworksBuildPhase section */
		EF9AD5E929CBD26900FAE964 /* Frameworks */ = {
			isa = PBXFrameworksBuildPhase;
			buildActionMask = 2147483647;
			files = (
			);
			runOnlyForDeploymentPostprocessing = 0;
		};
		EF9AD5FF29CBD26C00FAE964 /* Frameworks */ = {
			isa = PBXFrameworksBuildPhase;
			buildActionMask = 2147483647;
			files = (
			);
			runOnlyForDeploymentPostprocessing = 0;
		};
		EF9AD60929CBD26C00FAE964 /* Frameworks */ = {
			isa = PBXFrameworksBuildPhase;
			buildActionMask = 2147483647;
			files = (
			);
			runOnlyForDeploymentPostprocessing = 0;
		};
/* End PBXFrameworksBuildPhase section */

/* Begin PBXGroup section */
		EF9AD5E329CBD26900FAE964 = {
			isa = PBXGroup;
			children = (
				EF9AD5EE29CBD26900FAE964 /* TikTakRush */,
				EF9AD60529CBD26C00FAE964 /* TikTakRushTests */,
				EF9AD60F29CBD26C00FAE964 /* TikTakRushUITests */,
				EF9AD5ED29CBD26900FAE964 /* Products */,
			);
			sourceTree = "<group>";
		};
		EF9AD5ED29CBD26900FAE964 /* Products */ = {
			isa = PBXGroup;
			children = (
				EF9AD5EC29CBD26900FAE964 /* TikTakRush.app */,
				EF9AD60229CBD26C00FAE964 /* TikTakRushTests.xctest */,
				EF9AD60C29CBD26C00FAE964 /* TikTakRushUITests.xctest */,
			);
			name = Products;
			sourceTree = "<group>";
		};
		EF9AD5EE29CBD26900FAE964 /* TikTakRush */ = {
			isa = PBXGroup;
			children = (
				EF9AD61F29CBD4EA00FAE964 /* Common */,
				EF9AD62029CBD50F00FAE964 /* Assets */,
				EF9AD62B29CBD8BD00FAE964 /* UI */,
				EF9AD62E29CBDBA100FAE964 /* Extensions */,
				EF9AD62429CBD5D300FAE964 /* Reusable */,
				EF9AD65029CC086B00FAE964 /* Service */,
				EF9AD65129CC0F8200FAE964 /* Scenes */,
				EF9AD64229CBFC6D00FAE964 /* MockData.json */,
				EF9AD5FD29CBD26B00FAE964 /* Info.plist */,
			);
			path = TikTakRush;
			sourceTree = "<group>";
		};
		EF9AD60529CBD26C00FAE964 /* TikTakRushTests */ = {
			isa = PBXGroup;
			children = (
				EF9AD60629CBD26C00FAE964 /* TikTakRushTests.swift */,
			);
			path = TikTakRushTests;
			sourceTree = "<group>";
		};
		EF9AD60F29CBD26C00FAE964 /* TikTakRushUITests */ = {
			isa = PBXGroup;
			children = (
				EF9AD61029CBD26C00FAE964 /* TikTakRushUITests.swift */,
				EF9AD61229CBD26C00FAE964 /* TikTakRushUITestsLaunchTests.swift */,
			);
			path = TikTakRushUITests;
			sourceTree = "<group>";
		};
		EF9AD61F29CBD4EA00FAE964 /* Common */ = {
			isa = PBXGroup;
			children = (
				EF9AD5EF29CBD26900FAE964 /* AppDelegate.swift */,
				EF9AD5F129CBD26900FAE964 /* SceneDelegate.swift */,
				EF9AD5F329CBD26900FAE964 /* ViewController.swift */,
				EF9AD5F529CBD26900FAE964 /* Main.storyboard */,
				EF9AD5FA29CBD26B00FAE964 /* LaunchScreen.storyboard */,
			);
			path = Common;
			sourceTree = "<group>";
		};
		EF9AD62029CBD50F00FAE964 /* Assets */ = {
			isa = PBXGroup;
			children = (
				EF9AD63929CBE29B00FAE964 /* Fonts */,
				EF9AD5F829CBD26B00FAE964 /* Assets.xcassets */,
			);
			path = Assets;
			sourceTree = "<group>";
		};
		EF9AD62129CBD52E00FAE964 /* Video */ = {
			isa = PBXGroup;
			children = (
				EF9AD65429CC146500FAE964 /* Cell */,
				EF9AD62929CBD79700FAE964 /* VideoView.swift */,
				EF9AD62229CBD55900FAE964 /* VideoViewController.swift */,
				EF9AD64429CBFD1600FAE964 /* VideoViewModel.swift */,
				EF9AD64629CBFD3200FAE964 /* VideoModel.swift */,
			);
			path = Video;
			sourceTree = "<group>";
		};
		EF9AD62429CBD5D300FAE964 /* Reusable */ = {
			isa = PBXGroup;
			children = (
				EF9AD62529CBD5EA00FAE964 /* BaseViewController.swift */,
				EF9AD62729CBD69400FAE964 /* BaseView.swift */,
				EF9AD65229CC103400FAE964 /* MediaCache.swift */,
				EFF784E529CC953500AC8004 /* PlayerView.swift */,
			);
			path = Reusable;
			sourceTree = "<group>";
		};
		EF9AD62B29CBD8BD00FAE964 /* UI */ = {
			isa = PBXGroup;
			children = (
				EF9AD62C29CBD9CA00FAE964 /* UserDisplay.swift */,
				EF9AD63A29CBE41D00FAE964 /* TopInfo.swift */,
				EF9AD63E29CBF23C00FAE964 /* CounterButton.swift */,
			);
			path = UI;
			sourceTree = "<group>";
		};
		EF9AD62E29CBDBA100FAE964 /* Extensions */ = {
			isa = PBXGroup;
			children = (
				EF9AD62F29CBDBB300FAE964 /* UIView+Extension.swift */,
				EF9AD63129CBDDD300FAE964 /* UIStackView+Extension.swift */,
				EFF784E329CC8F2000AC8004 /* UIImage+Extension.swift */,
			);
			path = Extensions;
			sourceTree = "<group>";
		};
		EF9AD63929CBE29B00FAE964 /* Fonts */ = {
			isa = PBXGroup;
			children = (
				EF9AD63529CBE29100FAE964 /* Nunito-Black.ttf */,
				EF9AD63329CBE29100FAE964 /* Nunito-Light.ttf */,
				EF9AD63429CBE29100FAE964 /* Nunito-SemiBold.ttf */,
			);
			path = Fonts;
			sourceTree = "<group>";
		};
		EF9AD65029CC086B00FAE964 /* Service */ = {
			isa = PBXGroup;
			children = (
				EF9AD64829CBFDAD00FAE964 /* Service.swift */,
				EF9AD64A29CC00C000FAE964 /* LooksModel.swift */,
				EF9AD64C29CC062700FAE964 /* Response.swift */,
				EF9AD64E29CC064E00FAE964 /* ServerError.swift */,
			);
			path = Service;
			sourceTree = "<group>";
		};
		EF9AD65129CC0F8200FAE964 /* Scenes */ = {
			isa = PBXGroup;
			children = (
				EF9AD62129CBD52E00FAE964 /* Video */,
			);
			path = Scenes;
			sourceTree = "<group>";
		};
		EF9AD65429CC146500FAE964 /* Cell */ = {
			isa = PBXGroup;
			children = (
				EF9AD65529CC147B00FAE964 /* VideoCollectionViewCell.swift */,
			);
			path = Cell;
			sourceTree = "<group>";
		};
/* End PBXGroup section */

/* Begin PBXNativeTarget section */
		EF9AD5EB29CBD26900FAE964 /* TikTakRush */ = {
			isa = PBXNativeTarget;
			buildConfigurationList = EF9AD61629CBD26C00FAE964 /* Build configuration list for PBXNativeTarget "TikTakRush" */;
			buildPhases = (
				EF9AD5E829CBD26900FAE964 /* Sources */,
				EF9AD5E929CBD26900FAE964 /* Frameworks */,
				EF9AD5EA29CBD26900FAE964 /* Resources */,
			);
			buildRules = (
			);
			dependencies = (
			);
			name = TikTakRush;
			productName = TikTakRush;
			productReference = EF9AD5EC29CBD26900FAE964 /* TikTakRush.app */;
			productType = "com.apple.product-type.application";
		};
		EF9AD60129CBD26C00FAE964 /* TikTakRushTests */ = {
			isa = PBXNativeTarget;
			buildConfigurationList = EF9AD61929CBD26C00FAE964 /* Build configuration list for PBXNativeTarget "TikTakRushTests" */;
			buildPhases = (
				EF9AD5FE29CBD26C00FAE964 /* Sources */,
				EF9AD5FF29CBD26C00FAE964 /* Frameworks */,
				EF9AD60029CBD26C00FAE964 /* Resources */,
			);
			buildRules = (
			);
			dependencies = (
				EF9AD60429CBD26C00FAE964 /* PBXTargetDependency */,
			);
			name = TikTakRushTests;
			productName = TikTakRushTests;
			productReference = EF9AD60229CBD26C00FAE964 /* TikTakRushTests.xctest */;
			productType = "com.apple.product-type.bundle.unit-test";
		};
		EF9AD60B29CBD26C00FAE964 /* TikTakRushUITests */ = {
			isa = PBXNativeTarget;
			buildConfigurationList = EF9AD61C29CBD26C00FAE964 /* Build configuration list for PBXNativeTarget "TikTakRushUITests" */;
			buildPhases = (
				EF9AD60829CBD26C00FAE964 /* Sources */,
				EF9AD60929CBD26C00FAE964 /* Frameworks */,
				EF9AD60A29CBD26C00FAE964 /* Resources */,
			);
			buildRules = (
			);
			dependencies = (
				EF9AD60E29CBD26C00FAE964 /* PBXTargetDependency */,
			);
			name = TikTakRushUITests;
			productName = TikTakRushUITests;
			productReference = EF9AD60C29CBD26C00FAE964 /* TikTakRushUITests.xctest */;
			productType = "com.apple.product-type.bundle.ui-testing";
		};
/* End PBXNativeTarget section */

/* Begin PBXProject section */
		EF9AD5E429CBD26900FAE964 /* Project object */ = {
			isa = PBXProject;
			attributes = {
				BuildIndependentTargetsInParallel = 1;
				LastSwiftUpdateCheck = 1410;
				LastUpgradeCheck = 1410;
				TargetAttributes = {
					EF9AD5EB29CBD26900FAE964 = {
						CreatedOnToolsVersion = 14.1;
					};
					EF9AD60129CBD26C00FAE964 = {
						CreatedOnToolsVersion = 14.1;
						TestTargetID = EF9AD5EB29CBD26900FAE964;
					};
					EF9AD60B29CBD26C00FAE964 = {
						CreatedOnToolsVersion = 14.1;
						TestTargetID = EF9AD5EB29CBD26900FAE964;
					};
				};
			};
			buildConfigurationList = EF9AD5E729CBD26900FAE964 /* Build configuration list for PBXProject "TikTakRush" */;
			compatibilityVersion = "Xcode 14.0";
			developmentRegion = en;
			hasScannedForEncodings = 0;
			knownRegions = (
				en,
				Base,
			);
			mainGroup = EF9AD5E329CBD26900FAE964;
			productRefGroup = EF9AD5ED29CBD26900FAE964 /* Products */;
			projectDirPath = "";
			projectRoot = "";
			targets = (
				EF9AD5EB29CBD26900FAE964 /* TikTakRush */,
				EF9AD60129CBD26C00FAE964 /* TikTakRushTests */,
				EF9AD60B29CBD26C00FAE964 /* TikTakRushUITests */,
			);
		};
/* End PBXProject section */

/* Begin PBXResourcesBuildPhase section */
		EF9AD5EA29CBD26900FAE964 /* Resources */ = {
			isa = PBXResourcesBuildPhase;
			buildActionMask = 2147483647;
			files = (
				EF9AD5FC29CBD26B00FAE964 /* LaunchScreen.storyboard in Resources */,
				EF9AD5F929CBD26B00FAE964 /* Assets.xcassets in Resources */,
				EF9AD63629CBE29100FAE964 /* Nunito-Light.ttf in Resources */,
				EF9AD5F729CBD26900FAE964 /* Main.storyboard in Resources */,
				EF9AD64329CBFC6D00FAE964 /* MockData.json in Resources */,
				EF9AD63729CBE29100FAE964 /* Nunito-SemiBold.ttf in Resources */,
				EF9AD63829CBE29100FAE964 /* Nunito-Black.ttf in Resources */,
			);
			runOnlyForDeploymentPostprocessing = 0;
		};
		EF9AD60029CBD26C00FAE964 /* Resources */ = {
			isa = PBXResourcesBuildPhase;
			buildActionMask = 2147483647;
			files = (
			);
			runOnlyForDeploymentPostprocessing = 0;
		};
		EF9AD60A29CBD26C00FAE964 /* Resources */ = {
			isa = PBXResourcesBuildPhase;
			buildActionMask = 2147483647;
			files = (
			);
			runOnlyForDeploymentPostprocessing = 0;
		};
/* End PBXResourcesBuildPhase section */

/* Begin PBXSourcesBuildPhase section */
		EF9AD5E829CBD26900FAE964 /* Sources */ = {
			isa = PBXSourcesBuildPhase;
			buildActionMask = 2147483647;
			files = (
				EF9AD62629CBD5EA00FAE964 /* BaseViewController.swift in Sources */,
				EF9AD63B29CBE41D00FAE964 /* TopInfo.swift in Sources */,
				EF9AD64929CBFDAD00FAE964 /* Service.swift in Sources */,
				EFF784E629CC953500AC8004 /* PlayerView.swift in Sources */,
				EF9AD64D29CC062700FAE964 /* Response.swift in Sources */,
				EF9AD62D29CBD9CA00FAE964 /* UserDisplay.swift in Sources */,
				EF9AD64B29CC00C000FAE964 /* LooksModel.swift in Sources */,
				EF9AD64729CBFD3200FAE964 /* VideoModel.swift in Sources */,
				EF9AD62A29CBD79800FAE964 /* VideoView.swift in Sources */,
				EF9AD63229CBDDD300FAE964 /* UIStackView+Extension.swift in Sources */,
				EF9AD63029CBDBB300FAE964 /* UIView+Extension.swift in Sources */,
				EF9AD5F429CBD26900FAE964 /* ViewController.swift in Sources */,
				EF9AD64529CBFD1600FAE964 /* VideoViewModel.swift in Sources */,
				EF9AD5F029CBD26900FAE964 /* AppDelegate.swift in Sources */,
				EF9AD62829CBD69400FAE964 /* BaseView.swift in Sources */,
				EF9AD5F229CBD26900FAE964 /* SceneDelegate.swift in Sources */,
				EFF784E429CC8F2000AC8004 /* UIImage+Extension.swift in Sources */,
				EF9AD63F29CBF23C00FAE964 /* CounterButton.swift in Sources */,
				EF9AD62329CBD55900FAE964 /* VideoViewController.swift in Sources */,
				EF9AD64F29CC064E00FAE964 /* ServerError.swift in Sources */,
				EF9AD65629CC147B00FAE964 /* VideoCollectionViewCell.swift in Sources */,
				EF9AD65329CC103400FAE964 /* MediaCache.swift in Sources */,
			);
			runOnlyForDeploymentPostprocessing = 0;
		};
		EF9AD5FE29CBD26C00FAE964 /* Sources */ = {
			isa = PBXSourcesBuildPhase;
			buildActionMask = 2147483647;
			files = (
				EF9AD60729CBD26C00FAE964 /* TikTakRushTests.swift in Sources */,
			);
			runOnlyForDeploymentPostprocessing = 0;
		};
		EF9AD60829CBD26C00FAE964 /* Sources */ = {
			isa = PBXSourcesBuildPhase;
			buildActionMask = 2147483647;
			files = (
				EF9AD61329CBD26C00FAE964 /* TikTakRushUITestsLaunchTests.swift in Sources */,
				EF9AD61129CBD26C00FAE964 /* TikTakRushUITests.swift in Sources */,
			);
			runOnlyForDeploymentPostprocessing = 0;
		};
/* End PBXSourcesBuildPhase section */

/* Begin PBXTargetDependency section */
		EF9AD60429CBD26C00FAE964 /* PBXTargetDependency */ = {
			isa = PBXTargetDependency;
			target = EF9AD5EB29CBD26900FAE964 /* TikTakRush */;
			targetProxy = EF9AD60329CBD26C00FAE964 /* PBXContainerItemProxy */;
		};
		EF9AD60E29CBD26C00FAE964 /* PBXTargetDependency */ = {
			isa = PBXTargetDependency;
			target = EF9AD5EB29CBD26900FAE964 /* TikTakRush */;
			targetProxy = EF9AD60D29CBD26C00FAE964 /* PBXContainerItemProxy */;
		};
/* End PBXTargetDependency section */

/* Begin PBXVariantGroup section */
		EF9AD5F529CBD26900FAE964 /* Main.storyboard */ = {
			isa = PBXVariantGroup;
			children = (
				EF9AD5F629CBD26900FAE964 /* Base */,
			);
			name = Main.storyboard;
			sourceTree = "<group>";
		};
		EF9AD5FA29CBD26B00FAE964 /* LaunchScreen.storyboard */ = {
			isa = PBXVariantGroup;
			children = (
				EF9AD5FB29CBD26B00FAE964 /* Base */,
			);
			name = LaunchScreen.storyboard;
			sourceTree = "<group>";
		};
/* End PBXVariantGroup section */

/* Begin XCBuildConfiguration section */
		EF9AD61429CBD26C00FAE964 /* Debug */ = {
			isa = XCBuildConfiguration;
			buildSettings = {
				ALWAYS_SEARCH_USER_PATHS = NO;
				CLANG_ANALYZER_NONNULL = YES;
				CLANG_ANALYZER_NUMBER_OBJECT_CONVERSION = YES_AGGRESSIVE;
				CLANG_CXX_LANGUAGE_STANDARD = "gnu++20";
				CLANG_ENABLE_MODULES = YES;
				CLANG_ENABLE_OBJC_ARC = YES;
				CLANG_ENABLE_OBJC_WEAK = YES;
				CLANG_WARN_BLOCK_CAPTURE_AUTORELEASING = YES;
				CLANG_WARN_BOOL_CONVERSION = YES;
				CLANG_WARN_COMMA = YES;
				CLANG_WARN_CONSTANT_CONVERSION = YES;
				CLANG_WARN_DEPRECATED_OBJC_IMPLEMENTATIONS = YES;
				CLANG_WARN_DIRECT_OBJC_ISA_USAGE = YES_ERROR;
				CLANG_WARN_DOCUMENTATION_COMMENTS = YES;
				CLANG_WARN_EMPTY_BODY = YES;
				CLANG_WARN_ENUM_CONVERSION = YES;
				CLANG_WARN_INFINITE_RECURSION = YES;
				CLANG_WARN_INT_CONVERSION = YES;
				CLANG_WARN_NON_LITERAL_NULL_CONVERSION = YES;
				CLANG_WARN_OBJC_IMPLICIT_RETAIN_SELF = YES;
				CLANG_WARN_OBJC_LITERAL_CONVERSION = YES;
				CLANG_WARN_OBJC_ROOT_CLASS = YES_ERROR;
				CLANG_WARN_QUOTED_INCLUDE_IN_FRAMEWORK_HEADER = YES;
				CLANG_WARN_RANGE_LOOP_ANALYSIS = YES;
				CLANG_WARN_STRICT_PROTOTYPES = YES;
				CLANG_WARN_SUSPICIOUS_MOVE = YES;
				CLANG_WARN_UNGUARDED_AVAILABILITY = YES_AGGRESSIVE;
				CLANG_WARN_UNREACHABLE_CODE = YES;
				CLANG_WARN__DUPLICATE_METHOD_MATCH = YES;
				COPY_PHASE_STRIP = NO;
				DEBUG_INFORMATION_FORMAT = dwarf;
				ENABLE_STRICT_OBJC_MSGSEND = YES;
				ENABLE_TESTABILITY = YES;
				GCC_C_LANGUAGE_STANDARD = gnu11;
				GCC_DYNAMIC_NO_PIC = NO;
				GCC_NO_COMMON_BLOCKS = YES;
				GCC_OPTIMIZATION_LEVEL = 0;
				GCC_PREPROCESSOR_DEFINITIONS = (
					"DEBUG=1",
					"$(inherited)",
				);
				GCC_WARN_64_TO_32_BIT_CONVERSION = YES;
				GCC_WARN_ABOUT_RETURN_TYPE = YES_ERROR;
				GCC_WARN_UNDECLARED_SELECTOR = YES;
				GCC_WARN_UNINITIALIZED_AUTOS = YES_AGGRESSIVE;
				GCC_WARN_UNUSED_FUNCTION = YES;
				GCC_WARN_UNUSED_VARIABLE = YES;
				IPHONEOS_DEPLOYMENT_TARGET = 16.1;
				MTL_ENABLE_DEBUG_INFO = INCLUDE_SOURCE;
				MTL_FAST_MATH = YES;
				ONLY_ACTIVE_ARCH = YES;
				SDKROOT = iphoneos;
				SWIFT_ACTIVE_COMPILATION_CONDITIONS = DEBUG;
				SWIFT_OPTIMIZATION_LEVEL = "-Onone";
			};
			name = Debug;
		};
		EF9AD61529CBD26C00FAE964 /* Release */ = {
			isa = XCBuildConfiguration;
			buildSettings = {
				ALWAYS_SEARCH_USER_PATHS = NO;
				CLANG_ANALYZER_NONNULL = YES;
				CLANG_ANALYZER_NUMBER_OBJECT_CONVERSION = YES_AGGRESSIVE;
				CLANG_CXX_LANGUAGE_STANDARD = "gnu++20";
				CLANG_ENABLE_MODULES = YES;
				CLANG_ENABLE_OBJC_ARC = YES;
				CLANG_ENABLE_OBJC_WEAK = YES;
				CLANG_WARN_BLOCK_CAPTURE_AUTORELEASING = YES;
				CLANG_WARN_BOOL_CONVERSION = YES;
				CLANG_WARN_COMMA = YES;
				CLANG_WARN_CONSTANT_CONVERSION = YES;
				CLANG_WARN_DEPRECATED_OBJC_IMPLEMENTATIONS = YES;
				CLANG_WARN_DIRECT_OBJC_ISA_USAGE = YES_ERROR;
				CLANG_WARN_DOCUMENTATION_COMMENTS = YES;
				CLANG_WARN_EMPTY_BODY = YES;
				CLANG_WARN_ENUM_CONVERSION = YES;
				CLANG_WARN_INFINITE_RECURSION = YES;
				CLANG_WARN_INT_CONVERSION = YES;
				CLANG_WARN_NON_LITERAL_NULL_CONVERSION = YES;
				CLANG_WARN_OBJC_IMPLICIT_RETAIN_SELF = YES;
				CLANG_WARN_OBJC_LITERAL_CONVERSION = YES;
				CLANG_WARN_OBJC_ROOT_CLASS = YES_ERROR;
				CLANG_WARN_QUOTED_INCLUDE_IN_FRAMEWORK_HEADER = YES;
				CLANG_WARN_RANGE_LOOP_ANALYSIS = YES;
				CLANG_WARN_STRICT_PROTOTYPES = YES;
				CLANG_WARN_SUSPICIOUS_MOVE = YES;
				CLANG_WARN_UNGUARDED_AVAILABILITY = YES_AGGRESSIVE;
				CLANG_WARN_UNREACHABLE_CODE = YES;
				CLANG_WARN__DUPLICATE_METHOD_MATCH = YES;
				COPY_PHASE_STRIP = NO;
				DEBUG_INFORMATION_FORMAT = "dwarf-with-dsym";
				ENABLE_NS_ASSERTIONS = NO;
				ENABLE_STRICT_OBJC_MSGSEND = YES;
				GCC_C_LANGUAGE_STANDARD = gnu11;
				GCC_NO_COMMON_BLOCKS = YES;
				GCC_WARN_64_TO_32_BIT_CONVERSION = YES;
				GCC_WARN_ABOUT_RETURN_TYPE = YES_ERROR;
				GCC_WARN_UNDECLARED_SELECTOR = YES;
				GCC_WARN_UNINITIALIZED_AUTOS = YES_AGGRESSIVE;
				GCC_WARN_UNUSED_FUNCTION = YES;
				GCC_WARN_UNUSED_VARIABLE = YES;
				IPHONEOS_DEPLOYMENT_TARGET = 16.1;
				MTL_ENABLE_DEBUG_INFO = NO;
				MTL_FAST_MATH = YES;
				SDKROOT = iphoneos;
				SWIFT_COMPILATION_MODE = wholemodule;
				SWIFT_OPTIMIZATION_LEVEL = "-O";
				VALIDATE_PRODUCT = YES;
			};
			name = Release;
		};
		EF9AD61729CBD26C00FAE964 /* Debug */ = {
			isa = XCBuildConfiguration;
			buildSettings = {
				ASSETCATALOG_COMPILER_APPICON_NAME = AppIcon;
				ASSETCATALOG_COMPILER_GLOBAL_ACCENT_COLOR_NAME = AccentColor;
				CODE_SIGN_STYLE = Automatic;
				CURRENT_PROJECT_VERSION = 1;
				DEVELOPMENT_TEAM = F48MGZ2AUR;
				GENERATE_INFOPLIST_FILE = YES;
				INFOPLIST_FILE = TikTakRush/Info.plist;
				INFOPLIST_KEY_UIApplicationSupportsIndirectInputEvents = YES;
				INFOPLIST_KEY_UILaunchStoryboardName = LaunchScreen;
				INFOPLIST_KEY_UIMainStoryboardFile = Main;
				INFOPLIST_KEY_UISupportedInterfaceOrientations_iPad = "UIInterfaceOrientationPortrait UIInterfaceOrientationPortraitUpsideDown UIInterfaceOrientationLandscapeLeft UIInterfaceOrientationLandscapeRight";
				INFOPLIST_KEY_UISupportedInterfaceOrientations_iPhone = "UIInterfaceOrientationPortrait UIInterfaceOrientationLandscapeLeft UIInterfaceOrientationLandscapeRight";
				LD_RUNPATH_SEARCH_PATHS = (
					"$(inherited)",
					"@executable_path/Frameworks",
				);
				MARKETING_VERSION = 1.0;
				PRODUCT_BUNDLE_IDENTIFIER = tcasablancas.TikTakRush;
				PRODUCT_NAME = "$(TARGET_NAME)";
				SWIFT_EMIT_LOC_STRINGS = YES;
				SWIFT_VERSION = 5.0;
				TARGETED_DEVICE_FAMILY = "1,2";
			};
			name = Debug;
		};
		EF9AD61829CBD26C00FAE964 /* Release */ = {
			isa = XCBuildConfiguration;
			buildSettings = {
				ASSETCATALOG_COMPILER_APPICON_NAME = AppIcon;
				ASSETCATALOG_COMPILER_GLOBAL_ACCENT_COLOR_NAME = AccentColor;
				CODE_SIGN_STYLE = Automatic;
				CURRENT_PROJECT_VERSION = 1;
				DEVELOPMENT_TEAM = F48MGZ2AUR;
				GENERATE_INFOPLIST_FILE = YES;
				INFOPLIST_FILE = TikTakRush/Info.plist;
				INFOPLIST_KEY_UIApplicationSupportsIndirectInputEvents = YES;
				INFOPLIST_KEY_UILaunchStoryboardName = LaunchScreen;
				INFOPLIST_KEY_UIMainStoryboardFile = Main;
				INFOPLIST_KEY_UISupportedInterfaceOrientations_iPad = "UIInterfaceOrientationPortrait UIInterfaceOrientationPortraitUpsideDown UIInterfaceOrientationLandscapeLeft UIInterfaceOrientationLandscapeRight";
				INFOPLIST_KEY_UISupportedInterfaceOrientations_iPhone = "UIInterfaceOrientationPortrait UIInterfaceOrientationLandscapeLeft UIInterfaceOrientationLandscapeRight";
				LD_RUNPATH_SEARCH_PATHS = (
					"$(inherited)",
					"@executable_path/Frameworks",
				);
				MARKETING_VERSION = 1.0;
				PRODUCT_BUNDLE_IDENTIFIER = tcasablancas.TikTakRush;
				PRODUCT_NAME = "$(TARGET_NAME)";
				SWIFT_EMIT_LOC_STRINGS = YES;
				SWIFT_VERSION = 5.0;
				TARGETED_DEVICE_FAMILY = "1,2";
			};
			name = Release;
		};
		EF9AD61A29CBD26C00FAE964 /* Debug */ = {
			isa = XCBuildConfiguration;
			buildSettings = {
				ALWAYS_EMBED_SWIFT_STANDARD_LIBRARIES = YES;
				BUNDLE_LOADER = "$(TEST_HOST)";
				CODE_SIGN_STYLE = Automatic;
				CURRENT_PROJECT_VERSION = 1;
				DEVELOPMENT_TEAM = F48MGZ2AUR;
				GENERATE_INFOPLIST_FILE = YES;
				IPHONEOS_DEPLOYMENT_TARGET = 16.1;
				MARKETING_VERSION = 1.0;
				PRODUCT_BUNDLE_IDENTIFIER = tcasablancas.TikTakRushTests;
				PRODUCT_NAME = "$(TARGET_NAME)";
				SWIFT_EMIT_LOC_STRINGS = NO;
				SWIFT_VERSION = 5.0;
				TARGETED_DEVICE_FAMILY = "1,2";
				TEST_HOST = "$(BUILT_PRODUCTS_DIR)/TikTakRush.app/$(BUNDLE_EXECUTABLE_FOLDER_PATH)/TikTakRush";
			};
			name = Debug;
		};
		EF9AD61B29CBD26C00FAE964 /* Release */ = {
			isa = XCBuildConfiguration;
			buildSettings = {
				ALWAYS_EMBED_SWIFT_STANDARD_LIBRARIES = YES;
				BUNDLE_LOADER = "$(TEST_HOST)";
				CODE_SIGN_STYLE = Automatic;
				CURRENT_PROJECT_VERSION = 1;
				DEVELOPMENT_TEAM = F48MGZ2AUR;
				GENERATE_INFOPLIST_FILE = YES;
				IPHONEOS_DEPLOYMENT_TARGET = 16.1;
				MARKETING_VERSION = 1.0;
				PRODUCT_BUNDLE_IDENTIFIER = tcasablancas.TikTakRushTests;
				PRODUCT_NAME = "$(TARGET_NAME)";
				SWIFT_EMIT_LOC_STRINGS = NO;
				SWIFT_VERSION = 5.0;
				TARGETED_DEVICE_FAMILY = "1,2";
				TEST_HOST = "$(BUILT_PRODUCTS_DIR)/TikTakRush.app/$(BUNDLE_EXECUTABLE_FOLDER_PATH)/TikTakRush";
			};
			name = Release;
		};
		EF9AD61D29CBD26C00FAE964 /* Debug */ = {
			isa = XCBuildConfiguration;
			buildSettings = {
				ALWAYS_EMBED_SWIFT_STANDARD_LIBRARIES = YES;
				CODE_SIGN_STYLE = Automatic;
				CURRENT_PROJECT_VERSION = 1;
				DEVELOPMENT_TEAM = F48MGZ2AUR;
				GENERATE_INFOPLIST_FILE = YES;
				MARKETING_VERSION = 1.0;
				PRODUCT_BUNDLE_IDENTIFIER = tcasablancas.TikTakRushUITests;
				PRODUCT_NAME = "$(TARGET_NAME)";
				SWIFT_EMIT_LOC_STRINGS = NO;
				SWIFT_VERSION = 5.0;
				TARGETED_DEVICE_FAMILY = "1,2";
				TEST_TARGET_NAME = TikTakRush;
			};
			name = Debug;
		};
		EF9AD61E29CBD26C00FAE964 /* Release */ = {
			isa = XCBuildConfiguration;
			buildSettings = {
				ALWAYS_EMBED_SWIFT_STANDARD_LIBRARIES = YES;
				CODE_SIGN_STYLE = Automatic;
				CURRENT_PROJECT_VERSION = 1;
				DEVELOPMENT_TEAM = F48MGZ2AUR;
				GENERATE_INFOPLIST_FILE = YES;
				MARKETING_VERSION = 1.0;
				PRODUCT_BUNDLE_IDENTIFIER = tcasablancas.TikTakRushUITests;
				PRODUCT_NAME = "$(TARGET_NAME)";
				SWIFT_EMIT_LOC_STRINGS = NO;
				SWIFT_VERSION = 5.0;
				TARGETED_DEVICE_FAMILY = "1,2";
				TEST_TARGET_NAME = TikTakRush;
			};
			name = Release;
		};
/* End XCBuildConfiguration section */

/* Begin XCConfigurationList section */
		EF9AD5E729CBD26900FAE964 /* Build configuration list for PBXProject "TikTakRush" */ = {
			isa = XCConfigurationList;
			buildConfigurations = (
				EF9AD61429CBD26C00FAE964 /* Debug */,
				EF9AD61529CBD26C00FAE964 /* Release */,
			);
			defaultConfigurationIsVisible = 0;
			defaultConfigurationName = Release;
		};
		EF9AD61629CBD26C00FAE964 /* Build configuration list for PBXNativeTarget "TikTakRush" */ = {
			isa = XCConfigurationList;
			buildConfigurations = (
				EF9AD61729CBD26C00FAE964 /* Debug */,
				EF9AD61829CBD26C00FAE964 /* Release */,
			);
			defaultConfigurationIsVisible = 0;
			defaultConfigurationName = Release;
		};
		EF9AD61929CBD26C00FAE964 /* Build configuration list for PBXNativeTarget "TikTakRushTests" */ = {
			isa = XCConfigurationList;
			buildConfigurations = (
				EF9AD61A29CBD26C00FAE964 /* Debug */,
				EF9AD61B29CBD26C00FAE964 /* Release */,
			);
			defaultConfigurationIsVisible = 0;
			defaultConfigurationName = Release;
		};
		EF9AD61C29CBD26C00FAE964 /* Build configuration list for PBXNativeTarget "TikTakRushUITests" */ = {
			isa = XCConfigurationList;
			buildConfigurations = (
				EF9AD61D29CBD26C00FAE964 /* Debug */,
				EF9AD61E29CBD26C00FAE964 /* Release */,
			);
			defaultConfigurationIsVisible = 0;
			defaultConfigurationName = Release;
		};
/* End XCConfigurationList section */
	};
	rootObject = EF9AD5E429CBD26900FAE964 /* Project object */;
}
